
Microsoft Visual Studio Solution File, Format Version 12.00
# Visual Studio Version 16
VisualStudioVersion = 16.0.28803.452
MinimumVisualStudioVersion = 10.0.40219.1
Project("{FAE04EC0-301F-11D3-BF4B-00C04F79EFBC}") = "Slide1", "Slide1\Slide1.csproj", "{78F938D4-E563-415C-B8C6-7A0D0E198AB1}"
EndProject
Global
	GlobalSection(SolutionConfigurationPlatforms) = preSolution
		Debug|Any CPU = Debug|Any CPU
		Release|Any CPU = Release|Any CPU
	EndGlobalSection
	GlobalSection(ProjectConfigurationPlatforms) = postSolution
		{78F938D4-E563-415C-B8C6-7A0D0E198AB1}.Debug|Any CPU.ActiveCfg = Debug|Any CPU
		{78F938D4-E563-415C-B8C6-7A0D0E198AB1}.Debug|Any CPU.Build.0 = Debug|Any CPU
		{78F938D4-E563-415C-B8C6-7A0D0E198AB1}.Release|Any CPU.ActiveCfg = Release|Any CPU
		{78F938D4-E563-415C-B8C6-7A0D0E198AB1}.Release|Any CPU.Build.0 = Release|Any CPU
	EndGlobalSection
	GlobalSection(SolutionProperties) = preSolution
		HideSolutionNode = FALSE
	EndGlobalSection
	GlobalSection(ExtensibilityGlobals) = postSolution
		SolutionGuid = {05EA16E4-8CCF-4574-880B-4F75660336C7}
	EndGlobalSection
EndGlobal
