
Microsoft Visual Studio Solution File, Format Version 12.00
# Visual Studio Version 16
VisualStudioVersion = 16.0.28803.452
MinimumVisualStudioVersion = 10.0.40219.1
Project("{FAE04EC0-301F-11D3-BF4B-00C04F79EFBC}") = "Slide2", "Slide2\Slide2.csproj", "{C0BAE5CA-539B-4D64-8DB2-2D3654B8E7D6}"
EndProject
Global
	GlobalSection(SolutionConfigurationPlatforms) = preSolution
		Debug|Any CPU = Debug|Any CPU
		Release|Any CPU = Release|Any CPU
	EndGlobalSection
	GlobalSection(ProjectConfigurationPlatforms) = postSolution
		{C0BAE5CA-539B-4D64-8DB2-2D3654B8E7D6}.Debug|Any CPU.ActiveCfg = Debug|Any CPU
		{C0BAE5CA-539B-4D64-8DB2-2D3654B8E7D6}.Debug|Any CPU.Build.0 = Debug|Any CPU
		{C0BAE5CA-539B-4D64-8DB2-2D3654B8E7D6}.Release|Any CPU.ActiveCfg = Release|Any CPU
		{C0BAE5CA-539B-4D64-8DB2-2D3654B8E7D6}.Release|Any CPU.Build.0 = Release|Any CPU
	EndGlobalSection
	GlobalSection(SolutionProperties) = preSolution
		HideSolutionNode = FALSE
	EndGlobalSection
	GlobalSection(ExtensibilityGlobals) = postSolution
		SolutionGuid = {1DE861FB-A592-4C59-A69F-DC4690A6D95C}
	EndGlobalSection
EndGlobal
